
Microsoft Visual Studio Solution File, Format Version 12.00
# Visual Studio Version 17
VisualStudioVersion = 17.9.34728.123
MinimumVisualStudioVersion = 10.0.40219.1
Project("{FAE04EC0-301F-11D3-BF4B-00C04F79EFBC}") = "Platforms", "Platforms\Platforms.csproj", "{6287AF30-6DAA-4A8C-B9DD-4501780F645E}"
EndProject
Global
	GlobalSection(SolutionConfigurationPlatforms) = preSolution
		Debug|Any CPU = Debug|Any CPU
		Release|Any CPU = Release|Any CPU
	EndGlobalSection
	GlobalSection(ProjectConfigurationPlatforms) = postSolution
		{6287AF30-6DAA-4A8C-B9DD-4501780F645E}.Debug|Any CPU.ActiveCfg = Debug|Any CPU
		{6287AF30-6DAA-4A8C-B9DD-4501780F645E}.Debug|Any CPU.Build.0 = Debug|Any CPU
		{6287AF30-6DAA-4A8C-B9DD-4501780F645E}.Release|Any CPU.ActiveCfg = Release|Any CPU
		{6287AF30-6DAA-4A8C-B9DD-4501780F645E}.Release|Any CPU.Build.0 = Release|Any CPU
	EndGlobalSection
	GlobalSection(SolutionProperties) = preSolution
		HideSolutionNode = FALSE
	EndGlobalSection
	GlobalSection(ExtensibilityGlobals) = postSolution
		SolutionGuid = {5867CAED-A101-4BA8-B92A-4EE42D4BB8D2}
	EndGlobalSection
EndGlobal
