
Microsoft Visual Studio Solution File, Format Version 12.00
# Visual Studio Version 17
VisualStudioVersion = 17.9.34728.123
MinimumVisualStudioVersion = 10.0.40219.1
Project("{9A19103F-16F7-4668-BE54-9A1E7A4F7556}") = "Platforms", "Platforms.csproj", "{99E7CD85-1BA1-4EEC-8E1B-D63335E88DBD}"
EndProject
Global
	GlobalSection(SolutionConfigurationPlatforms) = preSolution
		Debug|Any CPU = Debug|Any CPU
		Release|Any CPU = Release|Any CPU
	EndGlobalSection
	GlobalSection(ProjectConfigurationPlatforms) = postSolution
		{99E7CD85-1BA1-4EEC-8E1B-D63335E88DBD}.Debug|Any CPU.ActiveCfg = Debug|Any CPU
		{99E7CD85-1BA1-4EEC-8E1B-D63335E88DBD}.Debug|Any CPU.Build.0 = Debug|Any CPU
		{99E7CD85-1BA1-4EEC-8E1B-D63335E88DBD}.Release|Any CPU.ActiveCfg = Release|Any CPU
		{99E7CD85-1BA1-4EEC-8E1B-D63335E88DBD}.Release|Any CPU.Build.0 = Release|Any CPU
	EndGlobalSection
	GlobalSection(SolutionProperties) = preSolution
		HideSolutionNode = FALSE
	EndGlobalSection
	GlobalSection(ExtensibilityGlobals) = postSolution
		SolutionGuid = {F1B78893-B5FA-439E-86F2-BEC03FE5D081}
	EndGlobalSection
EndGlobal
